{
  "name": "chata_svycarka",
  "version": "1.0.0",
  "lockfileVersion": 1,
  "requires": true,
  "dependencies": {
    "bobril": {
      "version": "20.3.2",
      "resolved": "https://registry.npmjs.org/bobril/-/bobril-20.3.2.tgz",
      "integrity": "sha512-9DDV4JST/GiyOvQFQNVa4etxVKn1ctNTLrTQcp8zTiFbvvBRYq5xzjCtxHIpoV/GuX6kvADjw0c8NFoXRj6YZA=="
    },
    "bobril-g11n": {
      "version": "5.0.4",
      "resolved": "https://registry.npmjs.org/bobril-g11n/-/bobril-g11n-5.0.4.tgz",
      "integrity": "sha512-y8Fw7Y4dNCHCtvapKmEPmgq1/owyeXHQecdk1TyV0tOOYjYLPdGGKBMvqAaq0TJ/i3pfB9xh1YlvGALJ/zl1GQ==",
      "requires": {
        "bobril": "*",
        "moment": "^2.10.6"
      }
    },
    "bobx": {
      "version": "1.0.7",
      "resolved": "https://registry.npmjs.org/bobx/-/bobx-1.0.7.tgz",
      "integrity": "sha512-tVc0WkJCyEVXAwjnah2y5B8O+B+LrGNlGfYZJY/P3M4OG/SG26WkjbTaqAncrrbFauC3OywrPvpIRkzR8OLmmA==",
      "requires": {
        "bobril": "*"
      }
    },
    "moment": {
      "version": "2.29.4",
      "resolved": "https://registry.npmjs.org/moment/-/moment-2.29.4.tgz",
      "integrity": "sha512-5LC9SOxjSc2HF6vO2CyuTDNivEdoz2IvyJJGj6X8DJ0eFyfszE0QiEd+iXmBvUP3WHxSjFH/vIsA0EN00cgr8w=="
    }
  }
}
