# THIS IS AN AUTOGENERATED FILE. DO NOT EDIT THIS FILE DIRECTLY.
# yarn lockfile v1


bobril@*, bobril@^8.17.0:
  version "8.17.0"
  resolved "https://registry.yarnpkg.com/bobril/-/bobril-8.17.0.tgz#fc13f3c0ad7b1f67cab26bc9595290ab8436b8fd"

bobx@^0.19.0:
  version "0.19.0"
  resolved "https://registry.yarnpkg.com/bobx/-/bobx-0.19.0.tgz#448c8436bd3b669a2eb789a56338d6a52dd344b4"
  dependencies:
    bobril "*"
